
Microsoft Visual Studio Solution File, Format Version 12.00
# Visual Studio Version 16
VisualStudioVersion = 16.0.30114.105
MinimumVisualStudioVersion = 10.0.40219.1
Project("{FAE04EC0-301F-11D3-BF4B-00C04F79EFBC}") = "SignatureCaptureFroms", "SignatureCaptureFroms\SignatureCaptureFroms.csproj", "{BAF49BE6-7DCB-4871-9BB8-2C9868C2B3FE}"
EndProject
Global
	GlobalSection(SolutionConfigurationPlatforms) = preSolution
		Debug|Any CPU = Debug|Any CPU
		Release|Any CPU = Release|Any CPU
	EndGlobalSection
	GlobalSection(ProjectConfigurationPlatforms) = postSolution
		{BAF49BE6-7DCB-4871-9BB8-2C9868C2B3FE}.Debug|Any CPU.ActiveCfg = Debug|Any CPU
		{BAF49BE6-7DCB-4871-9BB8-2C9868C2B3FE}.Debug|Any CPU.Build.0 = Debug|Any CPU
		{BAF49BE6-7DCB-4871-9BB8-2C9868C2B3FE}.Release|Any CPU.ActiveCfg = Release|Any CPU
		{BAF49BE6-7DCB-4871-9BB8-2C9868C2B3FE}.Release|Any CPU.Build.0 = Release|Any CPU
	EndGlobalSection
	GlobalSection(SolutionProperties) = preSolution
		HideSolutionNode = FALSE
	EndGlobalSection
	GlobalSection(ExtensibilityGlobals) = postSolution
		SolutionGuid = {8AF9A63E-443D-4305-9C5C-88B9977A9599}
	EndGlobalSection
EndGlobal
